// !$*UTF8*$!
{
	archiveVersion = 1;
	classes = {
	};
	objectVersion = 56;
	objects = {

/* Begin PBXBuildFile section */
		52132D442B8854A8000E504A /* APIRequest.swift in Sources */ = {isa = PBXBuildFile; fileRef = 52132D432B8854A8000E504A /* APIRequest.swift */; };
		52132D632B889F27000E504A /* Order.swift in Sources */ = {isa = PBXBuildFile; fileRef = 52132D622B889F27000E504A /* Order.swift */; };
		5232D1172B91CA9E00CB69F8 /* EditTeamDescription.swift in Sources */ = {isa = PBXBuildFile; fileRef = 5232D1162B91CA9E00CB69F8 /* EditTeamDescription.swift */; };
		5232D1192B91CF6F00CB69F8 /* EditRestaurantDescription.swift in Sources */ = {isa = PBXBuildFile; fileRef = 5232D1182B91CF6F00CB69F8 /* EditRestaurantDescription.swift */; };
		5232D11B2B92756F00CB69F8 /* OrderDetails.swift in Sources */ = {isa = PBXBuildFile; fileRef = 5232D11A2B92756F00CB69F8 /* OrderDetails.swift */; };
		52374B6A2B71872800F87663 /* Farmer_Inventory.swift in Sources */ = {isa = PBXBuildFile; fileRef = 52374B692B71872800F87663 /* Farmer_Inventory.swift */; };
		52374B6C2B71873900F87663 /* Farmer_Profile.swift in Sources */ = {isa = PBXBuildFile; fileRef = 52374B6B2B71873900F87663 /* Farmer_Profile.swift */; };
		52374B6E2B71874800F87663 /* Restaurant_Inventory.swift in Sources */ = {isa = PBXBuildFile; fileRef = 52374B6D2B71874800F87663 /* Restaurant_Inventory.swift */; };
		52374B702B71875600F87663 /* Restaurant_Profile.swift in Sources */ = {isa = PBXBuildFile; fileRef = 52374B6F2B71875600F87663 /* Restaurant_Profile.swift */; };
		52374B722B71879400F87663 /* Farmer_Order.swift in Sources */ = {isa = PBXBuildFile; fileRef = 52374B712B71879400F87663 /* Farmer_Order.swift */; };
		52374B742B718A7E00F87663 /* FarmerView.swift in Sources */ = {isa = PBXBuildFile; fileRef = 52374B732B718A7E00F87663 /* FarmerView.swift */; };
		52374B762B718F4A00F87663 /* LoginTab.swift in Sources */ = {isa = PBXBuildFile; fileRef = 52374B752B718F4A00F87663 /* LoginTab.swift */; };
		52507F892B5E54C800B75678 /* FarmableApp.swift in Sources */ = {isa = PBXBuildFile; fileRef = 52507F882B5E54C800B75678 /* FarmableApp.swift */; };
		52507F8B2B5E54C800B75678 /* LoginPage.swift in Sources */ = {isa = PBXBuildFile; fileRef = 52507F8A2B5E54C800B75678 /* LoginPage.swift */; };
		52507F8D2B5E54C900B75678 /* Assets.xcassets in Resources */ = {isa = PBXBuildFile; fileRef = 52507F8C2B5E54C900B75678 /* Assets.xcassets */; };
		52507F902B5E54C900B75678 /* Preview Assets.xcassets in Resources */ = {isa = PBXBuildFile; fileRef = 52507F8F2B5E54C900B75678 /* Preview Assets.xcassets */; };
		5288CD602B76224000634AF5 /* RestaurantView.swift in Sources */ = {isa = PBXBuildFile; fileRef = 5288CD5F2B76224000634AF5 /* RestaurantView.swift */; };
		5288CD622B76240800634AF5 /* Restaurant_Order.swift in Sources */ = {isa = PBXBuildFile; fileRef = 5288CD612B76240800634AF5 /* Restaurant_Order.swift */; };
		5288CD642B76244000634AF5 /* Restaurant_Menu.swift in Sources */ = {isa = PBXBuildFile; fileRef = 5288CD632B76244000634AF5 /* Restaurant_Menu.swift */; };
		529673992B8AA7F50048812F /* ActiveOrder.swift in Sources */ = {isa = PBXBuildFile; fileRef = 529673982B8AA7F50048812F /* ActiveOrder.swift */; };
		5296739B2B8B2BB30048812F /* FinishedOrder.swift in Sources */ = {isa = PBXBuildFile; fileRef = 5296739A2B8B2BB30048812F /* FinishedOrder.swift */; };
		52B3117B2B8F235F00C727AE /* PhotosPicker.swift in Sources */ = {isa = PBXBuildFile; fileRef = 52B3117A2B8F235F00C727AE /* PhotosPicker.swift */; };
		52B3117D2B91BBBD00C727AE /* EditProfileInfo.swift in Sources */ = {isa = PBXBuildFile; fileRef = 52B3117C2B91BBBD00C727AE /* EditProfileInfo.swift */; };
/* End PBXBuildFile section */

/* Begin PBXFileReference section */
		52132D432B8854A8000E504A /* APIRequest.swift */ = {isa = PBXFileReference; lastKnownFileType = sourcecode.swift; path = APIRequest.swift; sourceTree = "<group>"; };
		52132D622B889F27000E504A /* Order.swift */ = {isa = PBXFileReference; lastKnownFileType = sourcecode.swift; path = Order.swift; sourceTree = "<group>"; };
		5232D1162B91CA9E00CB69F8 /* EditTeamDescription.swift */ = {isa = PBXFileReference; lastKnownFileType = sourcecode.swift; path = EditTeamDescription.swift; sourceTree = "<group>"; };
		5232D1182B91CF6F00CB69F8 /* EditRestaurantDescription.swift */ = {isa = PBXFileReference; lastKnownFileType = sourcecode.swift; path = EditRestaurantDescription.swift; sourceTree = "<group>"; };
		5232D11A2B92756F00CB69F8 /* OrderDetails.swift */ = {isa = PBXFileReference; lastKnownFileType = sourcecode.swift; path = OrderDetails.swift; sourceTree = "<group>"; };
		52374B692B71872800F87663 /* Farmer_Inventory.swift */ = {isa = PBXFileReference; lastKnownFileType = sourcecode.swift; path = Farmer_Inventory.swift; sourceTree = "<group>"; };
		52374B6B2B71873900F87663 /* Farmer_Profile.swift */ = {isa = PBXFileReference; lastKnownFileType = sourcecode.swift; path = Farmer_Profile.swift; sourceTree = "<group>"; };
		52374B6D2B71874800F87663 /* Restaurant_Inventory.swift */ = {isa = PBXFileReference; lastKnownFileType = sourcecode.swift; path = Restaurant_Inventory.swift; sourceTree = "<group>"; };
		52374B6F2B71875600F87663 /* Restaurant_Profile.swift */ = {isa = PBXFileReference; lastKnownFileType = sourcecode.swift; path = Restaurant_Profile.swift; sourceTree = "<group>"; };
		52374B712B71879400F87663 /* Farmer_Order.swift */ = {isa = PBXFileReference; lastKnownFileType = sourcecode.swift; path = Farmer_Order.swift; sourceTree = "<group>"; };
		52374B732B718A7E00F87663 /* FarmerView.swift */ = {isa = PBXFileReference; lastKnownFileType = sourcecode.swift; path = FarmerView.swift; sourceTree = "<group>"; };
		52374B752B718F4A00F87663 /* LoginTab.swift */ = {isa = PBXFileReference; lastKnownFileType = sourcecode.swift; path = LoginTab.swift; sourceTree = "<group>"; };
		52507F852B5E54C800B75678 /* Farmable.app */ = {isa = PBXFileReference; explicitFileType = wrapper.application; includeInIndex = 0; path = Farmable.app; sourceTree = BUILT_PRODUCTS_DIR; };
		52507F882B5E54C800B75678 /* FarmableApp.swift */ = {isa = PBXFileReference; lastKnownFileType = sourcecode.swift; path = FarmableApp.swift; sourceTree = "<group>"; };
		52507F8A2B5E54C800B75678 /* LoginPage.swift */ = {isa = PBXFileReference; lastKnownFileType = sourcecode.swift; path = LoginPage.swift; sourceTree = "<group>"; };
		52507F8C2B5E54C900B75678 /* Assets.xcassets */ = {isa = PBXFileReference; lastKnownFileType = folder.assetcatalog; path = Assets.xcassets; sourceTree = "<group>"; };
		52507F8F2B5E54C900B75678 /* Preview Assets.xcassets */ = {isa = PBXFileReference; lastKnownFileType = folder.assetcatalog; path = "Preview Assets.xcassets"; sourceTree = "<group>"; };
		5288CD5F2B76224000634AF5 /* RestaurantView.swift */ = {isa = PBXFileReference; lastKnownFileType = sourcecode.swift; path = RestaurantView.swift; sourceTree = "<group>"; };
		5288CD612B76240800634AF5 /* Restaurant_Order.swift */ = {isa = PBXFileReference; lastKnownFileType = sourcecode.swift; path = Restaurant_Order.swift; sourceTree = "<group>"; };
		5288CD632B76244000634AF5 /* Restaurant_Menu.swift */ = {isa = PBXFileReference; lastKnownFileType = sourcecode.swift; path = Restaurant_Menu.swift; sourceTree = "<group>"; };
		529673982B8AA7F50048812F /* ActiveOrder.swift */ = {isa = PBXFileReference; lastKnownFileType = sourcecode.swift; path = ActiveOrder.swift; sourceTree = "<group>"; };
		5296739A2B8B2BB30048812F /* FinishedOrder.swift */ = {isa = PBXFileReference; lastKnownFileType = sourcecode.swift; path = FinishedOrder.swift; sourceTree = "<group>"; };
		52B3117A2B8F235F00C727AE /* PhotosPicker.swift */ = {isa = PBXFileReference; lastKnownFileType = sourcecode.swift; path = PhotosPicker.swift; sourceTree = "<group>"; };
		52B3117C2B91BBBD00C727AE /* EditProfileInfo.swift */ = {isa = PBXFileReference; lastKnownFileType = sourcecode.swift; path = EditProfileInfo.swift; sourceTree = "<group>"; };
/* End PBXFileReference section */

/* Begin PBXFrameworksBuildPhase section */
		52507F822B5E54C800B75678 /* Frameworks */ = {
			isa = PBXFrameworksBuildPhase;
			buildActionMask = 2147483647;
			files = (
			);
			runOnlyForDeploymentPostprocessing = 0;
		};
/* End PBXFrameworksBuildPhase section */

/* Begin PBXGroup section */
		52132D412B885466000E504A /* components */ = {
			isa = PBXGroup;
			children = (
				52374B752B718F4A00F87663 /* LoginTab.swift */,
				529673982B8AA7F50048812F /* ActiveOrder.swift */,
				5296739A2B8B2BB30048812F /* FinishedOrder.swift */,
				52B3117A2B8F235F00C727AE /* PhotosPicker.swift */,
				52B3117C2B91BBBD00C727AE /* EditProfileInfo.swift */,
				5232D1162B91CA9E00CB69F8 /* EditTeamDescription.swift */,
				5232D1182B91CF6F00CB69F8 /* EditRestaurantDescription.swift */,
				5232D11A2B92756F00CB69F8 /* OrderDetails.swift */,
			);
			path = components;
			sourceTree = "<group>";
		};
		52132D422B885473000E504A /* Networking */ = {
			isa = PBXGroup;
			children = (
				52132D432B8854A8000E504A /* APIRequest.swift */,
			);
			path = Networking;
			sourceTree = "<group>";
		};
		52132D612B889F19000E504A /* Models */ = {
			isa = PBXGroup;
			children = (
				52132D622B889F27000E504A /* Order.swift */,
			);
			path = Models;
			sourceTree = "<group>";
		};
		52132D642B88A79F000E504A /* ViewControllers */ = {
			isa = PBXGroup;
			children = (
			);
			path = ViewControllers;
			sourceTree = "<group>";
		};
		52374B682B7186EF00F87663 /* Views */ = {
			isa = PBXGroup;
			children = (
				52132D412B885466000E504A /* components */,
				52374B692B71872800F87663 /* Farmer_Inventory.swift */,
				52374B6B2B71873900F87663 /* Farmer_Profile.swift */,
				52374B6D2B71874800F87663 /* Restaurant_Inventory.swift */,
				52374B6F2B71875600F87663 /* Restaurant_Profile.swift */,
				5288CD632B76244000634AF5 /* Restaurant_Menu.swift */,
				52374B732B718A7E00F87663 /* FarmerView.swift */,
				52507F8A2B5E54C800B75678 /* LoginPage.swift */,
				5288CD5F2B76224000634AF5 /* RestaurantView.swift */,
				5288CD612B76240800634AF5 /* Restaurant_Order.swift */,
				52374B712B71879400F87663 /* Farmer_Order.swift */,
			);
			path = Views;
			sourceTree = "<group>";
		};
		52507F7C2B5E54C800B75678 = {
			isa = PBXGroup;
			children = (
				52507F872B5E54C800B75678 /* Farmable */,
				52507F862B5E54C800B75678 /* Products */,
			);
			sourceTree = "<group>";
		};
		52507F862B5E54C800B75678 /* Products */ = {
			isa = PBXGroup;
			children = (
				52507F852B5E54C800B75678 /* Farmable.app */,
			);
			name = Products;
			sourceTree = "<group>";
		};
		52507F872B5E54C800B75678 /* Farmable */ = {
			isa = PBXGroup;
			children = (
				52132D642B88A79F000E504A /* ViewControllers */,
				52132D612B889F19000E504A /* Models */,
				52132D422B885473000E504A /* Networking */,
				52374B682B7186EF00F87663 /* Views */,
				52507F882B5E54C800B75678 /* FarmableApp.swift */,
				52507F8C2B5E54C900B75678 /* Assets.xcassets */,
				52507F8E2B5E54C900B75678 /* Preview Content */,
			);
			path = Farmable;
			sourceTree = "<group>";
		};
		52507F8E2B5E54C900B75678 /* Preview Content */ = {
			isa = PBXGroup;
			children = (
				52507F8F2B5E54C900B75678 /* Preview Assets.xcassets */,
			);
			path = "Preview Content";
			sourceTree = "<group>";
		};
/* End PBXGroup section */

/* Begin PBXNativeTarget section */
		52507F842B5E54C800B75678 /* Farmable */ = {
			isa = PBXNativeTarget;
			buildConfigurationList = 52507F932B5E54C900B75678 /* Build configuration list for PBXNativeTarget "Farmable" */;
			buildPhases = (
				52507F812B5E54C800B75678 /* Sources */,
				52507F822B5E54C800B75678 /* Frameworks */,
				52507F832B5E54C800B75678 /* Resources */,
			);
			buildRules = (
			);
			dependencies = (
			);
			name = Farmable;
			productName = Farmable;
			productReference = 52507F852B5E54C800B75678 /* Farmable.app */;
			productType = "com.apple.product-type.application";
		};
/* End PBXNativeTarget section */

/* Begin PBXProject section */
		52507F7D2B5E54C800B75678 /* Project object */ = {
			isa = PBXProject;
			attributes = {
				BuildIndependentTargetsInParallel = 1;
				LastSwiftUpdateCheck = 1430;
				LastUpgradeCheck = 1430;
				TargetAttributes = {
					52507F842B5E54C800B75678 = {
						CreatedOnToolsVersion = 14.3;
					};
				};
			};
			buildConfigurationList = 52507F802B5E54C800B75678 /* Build configuration list for PBXProject "Farmable" */;
			compatibilityVersion = "Xcode 14.0";
			developmentRegion = en;
			hasScannedForEncodings = 0;
			knownRegions = (
				en,
				Base,
			);
			mainGroup = 52507F7C2B5E54C800B75678;
			productRefGroup = 52507F862B5E54C800B75678 /* Products */;
			projectDirPath = "";
			projectRoot = "";
			targets = (
				52507F842B5E54C800B75678 /* Farmable */,
			);
		};
/* End PBXProject section */

/* Begin PBXResourcesBuildPhase section */
		52507F832B5E54C800B75678 /* Resources */ = {
			isa = PBXResourcesBuildPhase;
			buildActionMask = 2147483647;
			files = (
				52507F902B5E54C900B75678 /* Preview Assets.xcassets in Resources */,
				52507F8D2B5E54C900B75678 /* Assets.xcassets in Resources */,
			);
			runOnlyForDeploymentPostprocessing = 0;
		};
/* End PBXResourcesBuildPhase section */

/* Begin PBXSourcesBuildPhase section */
		52507F812B5E54C800B75678 /* Sources */ = {
			isa = PBXSourcesBuildPhase;
			buildActionMask = 2147483647;
			files = (
				5232D1172B91CA9E00CB69F8 /* EditTeamDescription.swift in Sources */,
				52374B742B718A7E00F87663 /* FarmerView.swift in Sources */,
				52374B722B71879400F87663 /* Farmer_Order.swift in Sources */,
				52374B6E2B71874800F87663 /* Restaurant_Inventory.swift in Sources */,
				52B3117D2B91BBBD00C727AE /* EditProfileInfo.swift in Sources */,
				5232D1192B91CF6F00CB69F8 /* EditRestaurantDescription.swift in Sources */,
				5288CD602B76224000634AF5 /* RestaurantView.swift in Sources */,
				5296739B2B8B2BB30048812F /* FinishedOrder.swift in Sources */,
				52374B6C2B71873900F87663 /* Farmer_Profile.swift in Sources */,
				5288CD642B76244000634AF5 /* Restaurant_Menu.swift in Sources */,
				5232D11B2B92756F00CB69F8 /* OrderDetails.swift in Sources */,
				52132D632B889F27000E504A /* Order.swift in Sources */,
				5288CD622B76240800634AF5 /* Restaurant_Order.swift in Sources */,
				52132D442B8854A8000E504A /* APIRequest.swift in Sources */,
				52507F8B2B5E54C800B75678 /* LoginPage.swift in Sources */,
				52374B6A2B71872800F87663 /* Farmer_Inventory.swift in Sources */,
				52B3117B2B8F235F00C727AE /* PhotosPicker.swift in Sources */,
				52374B762B718F4A00F87663 /* LoginTab.swift in Sources */,
				52374B702B71875600F87663 /* Restaurant_Profile.swift in Sources */,
				52507F892B5E54C800B75678 /* FarmableApp.swift in Sources */,
				529673992B8AA7F50048812F /* ActiveOrder.swift in Sources */,
			);
			runOnlyForDeploymentPostprocessing = 0;
		};
/* End PBXSourcesBuildPhase section */

/* Begin XCBuildConfiguration section */
		52507F912B5E54C900B75678 /* Debug */ = {
			isa = XCBuildConfiguration;
			buildSettings = {
				ALWAYS_SEARCH_USER_PATHS = NO;
				CLANG_ANALYZER_NONNULL = YES;
				CLANG_ANALYZER_NUMBER_OBJECT_CONVERSION = YES_AGGRESSIVE;
				CLANG_CXX_LANGUAGE_STANDARD = "gnu++20";
				CLANG_ENABLE_MODULES = YES;
				CLANG_ENABLE_OBJC_ARC = YES;
				CLANG_ENABLE_OBJC_WEAK = YES;
				CLANG_WARN_BLOCK_CAPTURE_AUTORELEASING = YES;
				CLANG_WARN_BOOL_CONVERSION = YES;
				CLANG_WARN_COMMA = YES;
				CLANG_WARN_CONSTANT_CONVERSION = YES;
				CLANG_WARN_DEPRECATED_OBJC_IMPLEMENTATIONS = YES;
				CLANG_WARN_DIRECT_OBJC_ISA_USAGE = YES_ERROR;
				CLANG_WARN_DOCUMENTATION_COMMENTS = YES;
				CLANG_WARN_EMPTY_BODY = YES;
				CLANG_WARN_ENUM_CONVERSION = YES;
				CLANG_WARN_INFINITE_RECURSION = YES;
				CLANG_WARN_INT_CONVERSION = YES;
				CLANG_WARN_NON_LITERAL_NULL_CONVERSION = YES;
				CLANG_WARN_OBJC_IMPLICIT_RETAIN_SELF = YES;
				CLANG_WARN_OBJC_LITERAL_CONVERSION = YES;
				CLANG_WARN_OBJC_ROOT_CLASS = YES_ERROR;
				CLANG_WARN_QUOTED_INCLUDE_IN_FRAMEWORK_HEADER = YES;
				CLANG_WARN_RANGE_LOOP_ANALYSIS = YES;
				CLANG_WARN_STRICT_PROTOTYPES = YES;
				CLANG_WARN_SUSPICIOUS_MOVE = YES;
				CLANG_WARN_UNGUARDED_AVAILABILITY = YES_AGGRESSIVE;
				CLANG_WARN_UNREACHABLE_CODE = YES;
				CLANG_WARN__DUPLICATE_METHOD_MATCH = YES;
				COPY_PHASE_STRIP = NO;
				DEBUG_INFORMATION_FORMAT = dwarf;
				ENABLE_STRICT_OBJC_MSGSEND = YES;
				ENABLE_TESTABILITY = YES;
				GCC_C_LANGUAGE_STANDARD = gnu11;
				GCC_DYNAMIC_NO_PIC = NO;
				GCC_NO_COMMON_BLOCKS = YES;
				GCC_OPTIMIZATION_LEVEL = 0;
				GCC_PREPROCESSOR_DEFINITIONS = (
					"DEBUG=1",
					"$(inherited)",
				);
				GCC_WARN_64_TO_32_BIT_CONVERSION = YES;
				GCC_WARN_ABOUT_RETURN_TYPE = YES_ERROR;
				GCC_WARN_UNDECLARED_SELECTOR = YES;
				GCC_WARN_UNINITIALIZED_AUTOS = YES_AGGRESSIVE;
				GCC_WARN_UNUSED_FUNCTION = YES;
				GCC_WARN_UNUSED_VARIABLE = YES;
				IPHONEOS_DEPLOYMENT_TARGET = 16.4;
				MTL_ENABLE_DEBUG_INFO = INCLUDE_SOURCE;
				MTL_FAST_MATH = YES;
				ONLY_ACTIVE_ARCH = YES;
				SDKROOT = iphoneos;
				SWIFT_ACTIVE_COMPILATION_CONDITIONS = DEBUG;
				SWIFT_OPTIMIZATION_LEVEL = "-Onone";
			};
			name = Debug;
		};
		52507F922B5E54C900B75678 /* Release */ = {
			isa = XCBuildConfiguration;
			buildSettings = {
				ALWAYS_SEARCH_USER_PATHS = NO;
				CLANG_ANALYZER_NONNULL = YES;
				CLANG_ANALYZER_NUMBER_OBJECT_CONVERSION = YES_AGGRESSIVE;
				CLANG_CXX_LANGUAGE_STANDARD = "gnu++20";
				CLANG_ENABLE_MODULES = YES;
				CLANG_ENABLE_OBJC_ARC = YES;
				CLANG_ENABLE_OBJC_WEAK = YES;
				CLANG_WARN_BLOCK_CAPTURE_AUTORELEASING = YES;
				CLANG_WARN_BOOL_CONVERSION = YES;
				CLANG_WARN_COMMA = YES;
				CLANG_WARN_CONSTANT_CONVERSION = YES;
				CLANG_WARN_DEPRECATED_OBJC_IMPLEMENTATIONS = YES;
				CLANG_WARN_DIRECT_OBJC_ISA_USAGE = YES_ERROR;
				CLANG_WARN_DOCUMENTATION_COMMENTS = YES;
				CLANG_WARN_EMPTY_BODY = YES;
				CLANG_WARN_ENUM_CONVERSION = YES;
				CLANG_WARN_INFINITE_RECURSION = YES;
				CLANG_WARN_INT_CONVERSION = YES;
				CLANG_WARN_NON_LITERAL_NULL_CONVERSION = YES;
				CLANG_WARN_OBJC_IMPLICIT_RETAIN_SELF = YES;
				CLANG_WARN_OBJC_LITERAL_CONVERSION = YES;
				CLANG_WARN_OBJC_ROOT_CLASS = YES_ERROR;
				CLANG_WARN_QUOTED_INCLUDE_IN_FRAMEWORK_HEADER = YES;
				CLANG_WARN_RANGE_LOOP_ANALYSIS = YES;
				CLANG_WARN_STRICT_PROTOTYPES = YES;
				CLANG_WARN_SUSPICIOUS_MOVE = YES;
				CLANG_WARN_UNGUARDED_AVAILABILITY = YES_AGGRESSIVE;
				CLANG_WARN_UNREACHABLE_CODE = YES;
				CLANG_WARN__DUPLICATE_METHOD_MATCH = YES;
				COPY_PHASE_STRIP = NO;
				DEBUG_INFORMATION_FORMAT = "dwarf-with-dsym";
				ENABLE_NS_ASSERTIONS = NO;
				ENABLE_STRICT_OBJC_MSGSEND = YES;
				GCC_C_LANGUAGE_STANDARD = gnu11;
				GCC_NO_COMMON_BLOCKS = YES;
				GCC_WARN_64_TO_32_BIT_CONVERSION = YES;
				GCC_WARN_ABOUT_RETURN_TYPE = YES_ERROR;
				GCC_WARN_UNDECLARED_SELECTOR = YES;
				GCC_WARN_UNINITIALIZED_AUTOS = YES_AGGRESSIVE;
				GCC_WARN_UNUSED_FUNCTION = YES;
				GCC_WARN_UNUSED_VARIABLE = YES;
				IPHONEOS_DEPLOYMENT_TARGET = 16.4;
				MTL_ENABLE_DEBUG_INFO = NO;
				MTL_FAST_MATH = YES;
				SDKROOT = iphoneos;
				SWIFT_COMPILATION_MODE = wholemodule;
				SWIFT_OPTIMIZATION_LEVEL = "-O";
				VALIDATE_PRODUCT = YES;
			};
			name = Release;
		};
		52507F942B5E54C900B75678 /* Debug */ = {
			isa = XCBuildConfiguration;
			buildSettings = {
				ASSETCATALOG_COMPILER_APPICON_NAME = AppIcon;
				ASSETCATALOG_COMPILER_GLOBAL_ACCENT_COLOR_NAME = AccentColor;
				CODE_SIGN_STYLE = Automatic;
				CURRENT_PROJECT_VERSION = 1;
				DEVELOPMENT_ASSET_PATHS = "\"Farmable/Preview Content\"";
				ENABLE_PREVIEWS = YES;
				GENERATE_INFOPLIST_FILE = YES;
				INFOPLIST_KEY_UIApplicationSceneManifest_Generation = YES;
				INFOPLIST_KEY_UIApplicationSupportsIndirectInputEvents = YES;
				INFOPLIST_KEY_UILaunchScreen_Generation = YES;
				INFOPLIST_KEY_UISupportedInterfaceOrientations_iPad = "UIInterfaceOrientationPortrait UIInterfaceOrientationPortraitUpsideDown UIInterfaceOrientationLandscapeLeft UIInterfaceOrientationLandscapeRight";
				INFOPLIST_KEY_UISupportedInterfaceOrientations_iPhone = "UIInterfaceOrientationPortrait UIInterfaceOrientationLandscapeLeft UIInterfaceOrientationLandscapeRight";
				LD_RUNPATH_SEARCH_PATHS = (
					"$(inherited)",
					"@executable_path/Frameworks",
				);
				MARKETING_VERSION = 1.0;
				PRODUCT_BUNDLE_IDENTIFIER = hj.Farmable;
				PRODUCT_NAME = "$(TARGET_NAME)";
				SWIFT_EMIT_LOC_STRINGS = YES;
				SWIFT_VERSION = 5.0;
				TARGETED_DEVICE_FAMILY = "1,2";
			};
			name = Debug;
		};
		52507F952B5E54C900B75678 /* Release */ = {
			isa = XCBuildConfiguration;
			buildSettings = {
				ASSETCATALOG_COMPILER_APPICON_NAME = AppIcon;
				ASSETCATALOG_COMPILER_GLOBAL_ACCENT_COLOR_NAME = AccentColor;
				CODE_SIGN_STYLE = Automatic;
				CURRENT_PROJECT_VERSION = 1;
				DEVELOPMENT_ASSET_PATHS = "\"Farmable/Preview Content\"";
				ENABLE_PREVIEWS = YES;
				GENERATE_INFOPLIST_FILE = YES;
				INFOPLIST_KEY_UIApplicationSceneManifest_Generation = YES;
				INFOPLIST_KEY_UIApplicationSupportsIndirectInputEvents = YES;
				INFOPLIST_KEY_UILaunchScreen_Generation = YES;
				INFOPLIST_KEY_UISupportedInterfaceOrientations_iPad = "UIInterfaceOrientationPortrait UIInterfaceOrientationPortraitUpsideDown UIInterfaceOrientationLandscapeLeft UIInterfaceOrientationLandscapeRight";
				INFOPLIST_KEY_UISupportedInterfaceOrientations_iPhone = "UIInterfaceOrientationPortrait UIInterfaceOrientationLandscapeLeft UIInterfaceOrientationLandscapeRight";
				LD_RUNPATH_SEARCH_PATHS = (
					"$(inherited)",
					"@executable_path/Frameworks",
				);
				MARKETING_VERSION = 1.0;
				PRODUCT_BUNDLE_IDENTIFIER = hj.Farmable;
				PRODUCT_NAME = "$(TARGET_NAME)";
				SWIFT_EMIT_LOC_STRINGS = YES;
				SWIFT_VERSION = 5.0;
				TARGETED_DEVICE_FAMILY = "1,2";
			};
			name = Release;
		};
/* End XCBuildConfiguration section */

/* Begin XCConfigurationList section */
		52507F802B5E54C800B75678 /* Build configuration list for PBXProject "Farmable" */ = {
			isa = XCConfigurationList;
			buildConfigurations = (
				52507F912B5E54C900B75678 /* Debug */,
				52507F922B5E54C900B75678 /* Release */,
			);
			defaultConfigurationIsVisible = 0;
			defaultConfigurationName = Release;
		};
		52507F932B5E54C900B75678 /* Build configuration list for PBXNativeTarget "Farmable" */ = {
			isa = XCConfigurationList;
			buildConfigurations = (
				52507F942B5E54C900B75678 /* Debug */,
				52507F952B5E54C900B75678 /* Release */,
			);
			defaultConfigurationIsVisible = 0;
			defaultConfigurationName = Release;
		};
/* End XCConfigurationList section */
	};
	rootObject = 52507F7D2B5E54C800B75678 /* Project object */;
}
